
Microsoft Visual Studio Solution File, Format Version 12.00
# Visual Studio Version 16
VisualStudioVersion = 16.0.808.6
MinimumVisualStudioVersion = 10.0.40219.1
Project("{FAE04EC0-301F-11D3-BF4B-00C04F79EFBC}") = "CoinGeckoApi_Blazor", "CoinGeckoApi_Blazor.csproj", "{B9D12D12-01DD-4A00-BCF1-7203B3AD9E0A}"
EndProject
Global
	GlobalSection(SolutionConfigurationPlatforms) = preSolution
		Debug|Any CPU = Debug|Any CPU
		Release|Any CPU = Release|Any CPU
	EndGlobalSection
	GlobalSection(ProjectConfigurationPlatforms) = postSolution
		{B9D12D12-01DD-4A00-BCF1-7203B3AD9E0A}.Debug|Any CPU.ActiveCfg = Debug|Any CPU
		{B9D12D12-01DD-4A00-BCF1-7203B3AD9E0A}.Debug|Any CPU.Build.0 = Debug|Any CPU
		{B9D12D12-01DD-4A00-BCF1-7203B3AD9E0A}.Release|Any CPU.ActiveCfg = Release|Any CPU
		{B9D12D12-01DD-4A00-BCF1-7203B3AD9E0A}.Release|Any CPU.Build.0 = Release|Any CPU
	EndGlobalSection
	GlobalSection(SolutionProperties) = preSolution
		HideSolutionNode = FALSE
	EndGlobalSection
	GlobalSection(ExtensibilityGlobals) = postSolution
		SolutionGuid = {F041E637-5464-4D36-8758-BBCB0D4A8E96}
	EndGlobalSection
EndGlobal
